// !$*UTF8*$!
{
	archiveVersion = 1;
	classes = {
	};
	objectVersion = 51;
	objects = {

/* Begin PBXBuildFile section */
		2D64FEE0D0227294F43F7651 /* Pods_sportie_sportieUITests.framework in Frameworks */ = {isa = PBXBuildFile; fileRef = 1DA86A9D76CA33CD3019ED13 /* Pods_sportie_sportieUITests.framework */; };
		5B9CE3C3FDB921BD1EF21FB4 /* Pods_sportieTests.framework in Frameworks */ = {isa = PBXBuildFile; fileRef = 5A6BBF100BF90C5DE5F6B340 /* Pods_sportieTests.framework */; };
		85975A083BA08F6F47649F43 /* Pods_sportie.framework in Frameworks */ = {isa = PBXBuildFile; fileRef = 140DC49C48FE84A021472D56 /* Pods_sportie.framework */; };
		920EBAA92639A0800044AF06 /* CircleView.swift in Sources */ = {isa = PBXBuildFile; fileRef = 920EBAA82639A0800044AF06 /* CircleView.swift */; };
		9224F508263CEFDE002044E3 /* FavButton.swift in Sources */ = {isa = PBXBuildFile; fileRef = 9224F507263CEFDE002044E3 /* FavButton.swift */; };
		9243F95C263644E20057267D /* LatestResultCollectionViewCell.swift in Sources */ = {isa = PBXBuildFile; fileRef = 9243F95B263644E20057267D /* LatestResultCollectionViewCell.swift */; };
		92452F612630C60A00780F5F /* Pacifico-Regular.ttf in Resources */ = {isa = PBXBuildFile; fileRef = 92452F602630C60A00780F5F /* Pacifico-Regular.ttf */; };
		92452F692630DA2300780F5F /* LeagueDetailsViewController.swift in Sources */ = {isa = PBXBuildFile; fileRef = 92452F682630DA2300780F5F /* LeagueDetailsViewController.swift */; };
		92452F6E2630DB5B00780F5F /* LeagueDetailsPresenter.swift in Sources */ = {isa = PBXBuildFile; fileRef = 92452F6D2630DB5B00780F5F /* LeagueDetailsPresenter.swift */; };
		92452F732630E14400780F5F /* TeamCollectionViewCell.swift in Sources */ = {isa = PBXBuildFile; fileRef = 92452F722630E14400780F5F /* TeamCollectionViewCell.swift */; };
		9266F699262D9C2E00578DF9 /* SportsPresenter.swift in Sources */ = {isa = PBXBuildFile; fileRef = 9266F698262D9C2E00578DF9 /* SportsPresenter.swift */; };
		9266F6A8262DAA7E00578DF9 /* UIView+Extension.swift in Sources */ = {isa = PBXBuildFile; fileRef = 9266F6A7262DAA7E00578DF9 /* UIView+Extension.swift */; };
		9271B14E262B83FD00DDC496 /* AppDelegate.swift in Sources */ = {isa = PBXBuildFile; fileRef = 9271B14D262B83FD00DDC496 /* AppDelegate.swift */; };
		9271B150262B83FD00DDC496 /* SceneDelegate.swift in Sources */ = {isa = PBXBuildFile; fileRef = 9271B14F262B83FD00DDC496 /* SceneDelegate.swift */; };
		9271B155262B83FD00DDC496 /* Main.storyboard in Resources */ = {isa = PBXBuildFile; fileRef = 9271B153262B83FD00DDC496 /* Main.storyboard */; };
		9271B158262B83FD00DDC496 /* sportie.xcdatamodeld in Sources */ = {isa = PBXBuildFile; fileRef = 9271B156262B83FD00DDC496 /* sportie.xcdatamodeld */; };
		9271B15A262B83FE00DDC496 /* Assets.xcassets in Resources */ = {isa = PBXBuildFile; fileRef = 9271B159262B83FE00DDC496 /* Assets.xcassets */; };
		9271B15D262B83FE00DDC496 /* LaunchScreen.storyboard in Resources */ = {isa = PBXBuildFile; fileRef = 9271B15B262B83FE00DDC496 /* LaunchScreen.storyboard */; };
		9271B168262B83FE00DDC496 /* sportieTests.swift in Sources */ = {isa = PBXBuildFile; fileRef = 9271B167262B83FE00DDC496 /* sportieTests.swift */; };
		9271B173262B83FE00DDC496 /* sportieUITests.swift in Sources */ = {isa = PBXBuildFile; fileRef = 9271B172262B83FE00DDC496 /* sportieUITests.swift */; };
		9271B194262B8D2700DDC496 /* BaseVC.swift in Sources */ = {isa = PBXBuildFile; fileRef = 9271B193262B8D2700DDC496 /* BaseVC.swift */; };
		9271B19E262B8D6700DDC496 /* Navigator.swift in Sources */ = {isa = PBXBuildFile; fileRef = 9271B198262B8D6700DDC496 /* Navigator.swift */; };
		9271B19F262B8D6700DDC496 /* Loader.swift in Sources */ = {isa = PBXBuildFile; fileRef = 9271B199262B8D6700DDC496 /* Loader.swift */; };
		9271B1A0262B8D6700DDC496 /* UIImageView+Extension.swift in Sources */ = {isa = PBXBuildFile; fileRef = 9271B19B262B8D6700DDC496 /* UIImageView+Extension.swift */; };
		9271B1A1262B8D6700DDC496 /* UIHelper.swift in Sources */ = {isa = PBXBuildFile; fileRef = 9271B19C262B8D6700DDC496 /* UIHelper.swift */; };
		9271B1A2262B8D6700DDC496 /* Reachability.swift in Sources */ = {isa = PBXBuildFile; fileRef = 9271B19D262B8D6700DDC496 /* Reachability.swift */; };
		9271B1BA262B8E0100DDC496 /* FavoriteLocalDataSource.swift in Sources */ = {isa = PBXBuildFile; fileRef = 9271B1AD262B8E0100DDC496 /* FavoriteLocalDataSource.swift */; };
		9271B1BB262B8E0100DDC496 /* SportDataSource.swift in Sources */ = {isa = PBXBuildFile; fileRef = 9271B1AE262B8E0100DDC496 /* SportDataSource.swift */; };
		9271B1BC262B8E0100DDC496 /* SportRemoteDataSource.swift in Sources */ = {isa = PBXBuildFile; fileRef = 9271B1B0262B8E0100DDC496 /* SportRemoteDataSource.swift */; };
		9271B1BE262B8E0100DDC496 /* Response.swift in Sources */ = {isa = PBXBuildFile; fileRef = 9271B1B3262B8E0100DDC496 /* Response.swift */; };
		9271B1C0262B8E0100DDC496 /* CoreDataDatabase.swift in Sources */ = {isa = PBXBuildFile; fileRef = 9271B1B6262B8E0100DDC496 /* CoreDataDatabase.swift */; };
		9271B1D4262B8E2800DDC496 /* FavouriteLeaguesViewContoller.swift in Sources */ = {isa = PBXBuildFile; fileRef = 9271B1C9262B8E2800DDC496 /* FavouriteLeaguesViewContoller.swift */; };
		9271B1D5262B8E2800DDC496 /* LeagueTableViewCell.swift in Sources */ = {isa = PBXBuildFile; fileRef = 9271B1CA262B8E2800DDC496 /* LeagueTableViewCell.swift */; };
		9271B1DA262B8E2800DDC496 /* TeamDetailsViewController .swift in Sources */ = {isa = PBXBuildFile; fileRef = 9271B1D1262B8E2800DDC496 /* TeamDetailsViewController .swift */; };
		9271B1EA262B904C00DDC496 /* LeagueRepo.swift in Sources */ = {isa = PBXBuildFile; fileRef = 9271B1B8262B8E0100DDC496 /* LeagueRepo.swift */; };
		9271B1F2262B906300DDC496 /* SportsViewController.swift in Sources */ = {isa = PBXBuildFile; fileRef = 9271B1CD262B8E2800DDC496 /* SportsViewController.swift */; };
		9271B1F3262B906300DDC496 /* SportCollectionViewCell.swift in Sources */ = {isa = PBXBuildFile; fileRef = 9271B1CE262B8E2800DDC496 /* SportCollectionViewCell.swift */; };
		9271B20D262B9BA700DDC496 /* FavoriteDataSource.swift in Sources */ = {isa = PBXBuildFile; fileRef = 9271B20C262B9BA700DDC496 /* FavoriteDataSource.swift */; };
		9271B254262BAE5900DDC496 /* SportRepo.swift in Sources */ = {isa = PBXBuildFile; fileRef = 9271B253262BAE5900DDC496 /* SportRepo.swift */; };
		9271B259262BAE8600DDC496 /* TeamRepo.swift in Sources */ = {isa = PBXBuildFile; fileRef = 9271B258262BAE8600DDC496 /* TeamRepo.swift */; };
		9271B25E262BAF9100DDC496 /* Sport.swift in Sources */ = {isa = PBXBuildFile; fileRef = 9271B25D262BAF9100DDC496 /* Sport.swift */; };
		9271B263262BB06F00DDC496 /* Team.swift in Sources */ = {isa = PBXBuildFile; fileRef = 9271B262262BB06F00DDC496 /* Team.swift */; };
		9271B268262BB1BD00DDC496 /* League.swift in Sources */ = {isa = PBXBuildFile; fileRef = 9271B267262BB1BD00DDC496 /* League.swift */; };
		9271B26D262BB3C600DDC496 /* FavouriteLeaguesPresenter.swift in Sources */ = {isa = PBXBuildFile; fileRef = 9271B26C262BB3C600DDC496 /* FavouriteLeaguesPresenter.swift */; };
		929206C22630ECF0000F1450 /* UpcomingEventCollectionViewCell.swift in Sources */ = {isa = PBXBuildFile; fileRef = 929206C12630ECF0000F1450 /* UpcomingEventCollectionViewCell.swift */; };
		92C970532637727C003EC1B1 /* Manageable.swift in Sources */ = {isa = PBXBuildFile; fileRef = 92C970522637727C003EC1B1 /* Manageable.swift */; };
		92E4AF51262F647D00DFAE7E /* BaseView.swift in Sources */ = {isa = PBXBuildFile; fileRef = 92E4AF50262F647D00DFAE7E /* BaseView.swift */; };
		92E4AF5A262F72AD00DFAE7E /* LeagueTableViewCell.xib in Resources */ = {isa = PBXBuildFile; fileRef = 92E4AF58262F72AD00DFAE7E /* LeagueTableViewCell.xib */; };
		92E7E5EB2639F62900B49CD8 /* CustomView.swift in Sources */ = {isa = PBXBuildFile; fileRef = 92E7E5E92639F62900B49CD8 /* CustomView.swift */; };
		92E7E5EC2639F62900B49CD8 /* CustomView.xib in Resources */ = {isa = PBXBuildFile; fileRef = 92E7E5EA2639F62900B49CD8 /* CustomView.xib */; };
		92F23A81262C61E300D4D3C3 /* Event.swift in Sources */ = {isa = PBXBuildFile; fileRef = 92F23A80262C61E300D4D3C3 /* Event.swift */; };
		92F23A86262C83E600D4D3C3 /* EventRepo.swift in Sources */ = {isa = PBXBuildFile; fileRef = 92F23A85262C83E600D4D3C3 /* EventRepo.swift */; };
		92F23B60262CD97D00D4D3C3 /* RequestHandler.swift in Sources */ = {isa = PBXBuildFile; fileRef = 92F23B5F262CD97D00D4D3C3 /* RequestHandler.swift */; };
		D06180FD2630C41400D10DAA /* LeaguesTableViewController.swift in Sources */ = {isa = PBXBuildFile; fileRef = D06180FC2630C41400D10DAA /* LeaguesTableViewController.swift */; };
		D06181052630D23F00D10DAA /* LeaguesPresenter.swift in Sources */ = {isa = PBXBuildFile; fileRef = D06181042630D23F00D10DAA /* LeaguesPresenter.swift */; };
/* End PBXBuildFile section */

/* Begin PBXContainerItemProxy section */
		9271B164262B83FE00DDC496 /* PBXContainerItemProxy */ = {
			isa = PBXContainerItemProxy;
			containerPortal = 9271B142262B83FD00DDC496 /* Project object */;
			proxyType = 1;
			remoteGlobalIDString = 9271B149262B83FD00DDC496;
			remoteInfo = sportie;
		};
		9271B16F262B83FE00DDC496 /* PBXContainerItemProxy */ = {
			isa = PBXContainerItemProxy;
			containerPortal = 9271B142262B83FD00DDC496 /* Project object */;
			proxyType = 1;
			remoteGlobalIDString = 9271B149262B83FD00DDC496;
			remoteInfo = sportie;
		};
/* End PBXContainerItemProxy section */

/* Begin PBXFileReference section */
		038397E0D93C5C859B537424 /* Pods-sportie-sportieUITests.debug.xcconfig */ = {isa = PBXFileReference; includeInIndex = 1; lastKnownFileType = text.xcconfig; name = "Pods-sportie-sportieUITests.debug.xcconfig"; path = "Target Support Files/Pods-sportie-sportieUITests/Pods-sportie-sportieUITests.debug.xcconfig"; sourceTree = "<group>"; };
		140DC49C48FE84A021472D56 /* Pods_sportie.framework */ = {isa = PBXFileReference; explicitFileType = wrapper.framework; includeInIndex = 0; path = Pods_sportie.framework; sourceTree = BUILT_PRODUCTS_DIR; };
		1DA86A9D76CA33CD3019ED13 /* Pods_sportie_sportieUITests.framework */ = {isa = PBXFileReference; explicitFileType = wrapper.framework; includeInIndex = 0; path = Pods_sportie_sportieUITests.framework; sourceTree = BUILT_PRODUCTS_DIR; };
		34903F8B601F1355005DB582 /* Pods-sportie-sportieUITests.release.xcconfig */ = {isa = PBXFileReference; includeInIndex = 1; lastKnownFileType = text.xcconfig; name = "Pods-sportie-sportieUITests.release.xcconfig"; path = "Target Support Files/Pods-sportie-sportieUITests/Pods-sportie-sportieUITests.release.xcconfig"; sourceTree = "<group>"; };
		372F1DA7D645456C93BFD75B /* Pods-sportieTests.release.xcconfig */ = {isa = PBXFileReference; includeInIndex = 1; lastKnownFileType = text.xcconfig; name = "Pods-sportieTests.release.xcconfig"; path = "Target Support Files/Pods-sportieTests/Pods-sportieTests.release.xcconfig"; sourceTree = "<group>"; };
		4A59C7E02072792D3E9CA96B /* Pods-sportie.debug.xcconfig */ = {isa = PBXFileReference; includeInIndex = 1; lastKnownFileType = text.xcconfig; name = "Pods-sportie.debug.xcconfig"; path = "Target Support Files/Pods-sportie/Pods-sportie.debug.xcconfig"; sourceTree = "<group>"; };
		5A6BBF100BF90C5DE5F6B340 /* Pods_sportieTests.framework */ = {isa = PBXFileReference; explicitFileType = wrapper.framework; includeInIndex = 0; path = Pods_sportieTests.framework; sourceTree = BUILT_PRODUCTS_DIR; };
		920EBAA82639A0800044AF06 /* CircleView.swift */ = {isa = PBXFileReference; lastKnownFileType = sourcecode.swift; path = CircleView.swift; sourceTree = "<group>"; };
		9224F507263CEFDE002044E3 /* FavButton.swift */ = {isa = PBXFileReference; lastKnownFileType = sourcecode.swift; path = FavButton.swift; sourceTree = "<group>"; };
		9243F95B263644E20057267D /* LatestResultCollectionViewCell.swift */ = {isa = PBXFileReference; lastKnownFileType = sourcecode.swift; path = LatestResultCollectionViewCell.swift; sourceTree = "<group>"; };
		92452F602630C60A00780F5F /* Pacifico-Regular.ttf */ = {isa = PBXFileReference; lastKnownFileType = file; path = "Pacifico-Regular.ttf"; sourceTree = "<group>"; };
		92452F682630DA2300780F5F /* LeagueDetailsViewController.swift */ = {isa = PBXFileReference; lastKnownFileType = sourcecode.swift; path = LeagueDetailsViewController.swift; sourceTree = "<group>"; };
		92452F6D2630DB5B00780F5F /* LeagueDetailsPresenter.swift */ = {isa = PBXFileReference; lastKnownFileType = sourcecode.swift; path = LeagueDetailsPresenter.swift; sourceTree = "<group>"; };
		92452F722630E14400780F5F /* TeamCollectionViewCell.swift */ = {isa = PBXFileReference; lastKnownFileType = sourcecode.swift; path = TeamCollectionViewCell.swift; sourceTree = "<group>"; };
		9266F698262D9C2E00578DF9 /* SportsPresenter.swift */ = {isa = PBXFileReference; lastKnownFileType = sourcecode.swift; path = SportsPresenter.swift; sourceTree = "<group>"; };
		9266F6A7262DAA7E00578DF9 /* UIView+Extension.swift */ = {isa = PBXFileReference; lastKnownFileType = sourcecode.swift; path = "UIView+Extension.swift"; sourceTree = "<group>"; };
		9271B14A262B83FD00DDC496 /* sportie.app */ = {isa = PBXFileReference; explicitFileType = wrapper.application; includeInIndex = 0; path = sportie.app; sourceTree = BUILT_PRODUCTS_DIR; };
		9271B14D262B83FD00DDC496 /* AppDelegate.swift */ = {isa = PBXFileReference; lastKnownFileType = sourcecode.swift; path = AppDelegate.swift; sourceTree = "<group>"; };
		9271B14F262B83FD00DDC496 /* SceneDelegate.swift */ = {isa = PBXFileReference; lastKnownFileType = sourcecode.swift; path = SceneDelegate.swift; sourceTree = "<group>"; };
		9271B154262B83FD00DDC496 /* Base */ = {isa = PBXFileReference; lastKnownFileType = file.storyboard; name = Base; path = Base.lproj/Main.storyboard; sourceTree = "<group>"; };
		9271B157262B83FD00DDC496 /* sportie.xcdatamodel */ = {isa = PBXFileReference; lastKnownFileType = wrapper.xcdatamodel; path = sportie.xcdatamodel; sourceTree = "<group>"; };
		9271B159262B83FE00DDC496 /* Assets.xcassets */ = {isa = PBXFileReference; lastKnownFileType = folder.assetcatalog; path = Assets.xcassets; sourceTree = "<group>"; };
		9271B15C262B83FE00DDC496 /* Base */ = {isa = PBXFileReference; lastKnownFileType = file.storyboard; name = Base; path = Base.lproj/LaunchScreen.storyboard; sourceTree = "<group>"; };
		9271B15E262B83FE00DDC496 /* Info.plist */ = {isa = PBXFileReference; lastKnownFileType = text.plist.xml; path = Info.plist; sourceTree = "<group>"; };
		9271B163262B83FE00DDC496 /* sportieTests.xctest */ = {isa = PBXFileReference; explicitFileType = wrapper.cfbundle; includeInIndex = 0; path = sportieTests.xctest; sourceTree = BUILT_PRODUCTS_DIR; };
		9271B167262B83FE00DDC496 /* sportieTests.swift */ = {isa = PBXFileReference; lastKnownFileType = sourcecode.swift; path = sportieTests.swift; sourceTree = "<group>"; };
		9271B169262B83FE00DDC496 /* Info.plist */ = {isa = PBXFileReference; lastKnownFileType = text.plist.xml; path = Info.plist; sourceTree = "<group>"; };
		9271B16E262B83FE00DDC496 /* sportieUITests.xctest */ = {isa = PBXFileReference; explicitFileType = wrapper.cfbundle; includeInIndex = 0; path = sportieUITests.xctest; sourceTree = BUILT_PRODUCTS_DIR; };
		9271B172262B83FE00DDC496 /* sportieUITests.swift */ = {isa = PBXFileReference; lastKnownFileType = sourcecode.swift; path = sportieUITests.swift; sourceTree = "<group>"; };
		9271B174262B83FE00DDC496 /* Info.plist */ = {isa = PBXFileReference; lastKnownFileType = text.plist.xml; path = Info.plist; sourceTree = "<group>"; };
		9271B193262B8D2700DDC496 /* BaseVC.swift */ = {isa = PBXFileReference; fileEncoding = 4; lastKnownFileType = sourcecode.swift; path = BaseVC.swift; sourceTree = "<group>"; };
		9271B198262B8D6700DDC496 /* Navigator.swift */ = {isa = PBXFileReference; fileEncoding = 4; lastKnownFileType = sourcecode.swift; path = Navigator.swift; sourceTree = "<group>"; };
		9271B199262B8D6700DDC496 /* Loader.swift */ = {isa = PBXFileReference; fileEncoding = 4; lastKnownFileType = sourcecode.swift; path = Loader.swift; sourceTree = "<group>"; };
		9271B19B262B8D6700DDC496 /* UIImageView+Extension.swift */ = {isa = PBXFileReference; fileEncoding = 4; lastKnownFileType = sourcecode.swift; path = "UIImageView+Extension.swift"; sourceTree = "<group>"; };
		9271B19C262B8D6700DDC496 /* UIHelper.swift */ = {isa = PBXFileReference; fileEncoding = 4; lastKnownFileType = sourcecode.swift; path = UIHelper.swift; sourceTree = "<group>"; };
		9271B19D262B8D6700DDC496 /* Reachability.swift */ = {isa = PBXFileReference; fileEncoding = 4; lastKnownFileType = sourcecode.swift; path = Reachability.swift; sourceTree = "<group>"; };
		9271B1AD262B8E0100DDC496 /* FavoriteLocalDataSource.swift */ = {isa = PBXFileReference; fileEncoding = 4; lastKnownFileType = sourcecode.swift; path = FavoriteLocalDataSource.swift; sourceTree = "<group>"; };
		9271B1AE262B8E0100DDC496 /* SportDataSource.swift */ = {isa = PBXFileReference; fileEncoding = 4; lastKnownFileType = sourcecode.swift; path = SportDataSource.swift; sourceTree = "<group>"; };
		9271B1B0262B8E0100DDC496 /* SportRemoteDataSource.swift */ = {isa = PBXFileReference; fileEncoding = 4; lastKnownFileType = sourcecode.swift; path = SportRemoteDataSource.swift; sourceTree = "<group>"; };
		9271B1B3262B8E0100DDC496 /* Response.swift */ = {isa = PBXFileReference; fileEncoding = 4; lastKnownFileType = sourcecode.swift; path = Response.swift; sourceTree = "<group>"; };
		9271B1B6262B8E0100DDC496 /* CoreDataDatabase.swift */ = {isa = PBXFileReference; fileEncoding = 4; lastKnownFileType = sourcecode.swift; path = CoreDataDatabase.swift; sourceTree = "<group>"; };
		9271B1B8262B8E0100DDC496 /* LeagueRepo.swift */ = {isa = PBXFileReference; fileEncoding = 4; lastKnownFileType = sourcecode.swift; path = LeagueRepo.swift; sourceTree = "<group>"; };
		9271B1C9262B8E2800DDC496 /* FavouriteLeaguesViewContoller.swift */ = {isa = PBXFileReference; fileEncoding = 4; lastKnownFileType = sourcecode.swift; path = FavouriteLeaguesViewContoller.swift; sourceTree = "<group>"; };
		9271B1CA262B8E2800DDC496 /* LeagueTableViewCell.swift */ = {isa = PBXFileReference; fileEncoding = 4; lastKnownFileType = sourcecode.swift; path = LeagueTableViewCell.swift; sourceTree = "<group>"; };
		9271B1CD262B8E2800DDC496 /* SportsViewController.swift */ = {isa = PBXFileReference; fileEncoding = 4; lastKnownFileType = sourcecode.swift; path = SportsViewController.swift; sourceTree = "<group>"; };
		9271B1CE262B8E2800DDC496 /* SportCollectionViewCell.swift */ = {isa = PBXFileReference; fileEncoding = 4; lastKnownFileType = sourcecode.swift; path = SportCollectionViewCell.swift; sourceTree = "<group>"; };
		9271B1D1262B8E2800DDC496 /* TeamDetailsViewController .swift */ = {isa = PBXFileReference; fileEncoding = 4; lastKnownFileType = sourcecode.swift; path = "TeamDetailsViewController .swift"; sourceTree = "<group>"; };
		9271B20C262B9BA700DDC496 /* FavoriteDataSource.swift */ = {isa = PBXFileReference; lastKnownFileType = sourcecode.swift; path = FavoriteDataSource.swift; sourceTree = "<group>"; };
		9271B253262BAE5900DDC496 /* SportRepo.swift */ = {isa = PBXFileReference; lastKnownFileType = sourcecode.swift; path = SportRepo.swift; sourceTree = "<group>"; };
		9271B258262BAE8600DDC496 /* TeamRepo.swift */ = {isa = PBXFileReference; lastKnownFileType = sourcecode.swift; path = TeamRepo.swift; sourceTree = "<group>"; };
		9271B25D262BAF9100DDC496 /* Sport.swift */ = {isa = PBXFileReference; lastKnownFileType = sourcecode.swift; path = Sport.swift; sourceTree = "<group>"; };
		9271B262262BB06F00DDC496 /* Team.swift */ = {isa = PBXFileReference; lastKnownFileType = sourcecode.swift; path = Team.swift; sourceTree = "<group>"; };
		9271B267262BB1BD00DDC496 /* League.swift */ = {isa = PBXFileReference; lastKnownFileType = sourcecode.swift; path = League.swift; sourceTree = "<group>"; };
		9271B26C262BB3C600DDC496 /* FavouriteLeaguesPresenter.swift */ = {isa = PBXFileReference; lastKnownFileType = sourcecode.swift; path = FavouriteLeaguesPresenter.swift; sourceTree = "<group>"; };
		929206C12630ECF0000F1450 /* UpcomingEventCollectionViewCell.swift */ = {isa = PBXFileReference; lastKnownFileType = sourcecode.swift; path = UpcomingEventCollectionViewCell.swift; sourceTree = "<group>"; };
		92C970522637727C003EC1B1 /* Manageable.swift */ = {isa = PBXFileReference; lastKnownFileType = sourcecode.swift; path = Manageable.swift; sourceTree = "<group>"; };
		92E4AF50262F647D00DFAE7E /* BaseView.swift */ = {isa = PBXFileReference; lastKnownFileType = sourcecode.swift; path = BaseView.swift; sourceTree = "<group>"; };
		92E4AF58262F72AD00DFAE7E /* LeagueTableViewCell.xib */ = {isa = PBXFileReference; lastKnownFileType = file.xib; path = LeagueTableViewCell.xib; sourceTree = "<group>"; };
		92E7E5E92639F62900B49CD8 /* CustomView.swift */ = {isa = PBXFileReference; fileEncoding = 4; lastKnownFileType = sourcecode.swift; path = CustomView.swift; sourceTree = "<group>"; };
		92E7E5EA2639F62900B49CD8 /* CustomView.xib */ = {isa = PBXFileReference; fileEncoding = 4; lastKnownFileType = file.xib; path = CustomView.xib; sourceTree = "<group>"; };
		92F23A80262C61E300D4D3C3 /* Event.swift */ = {isa = PBXFileReference; lastKnownFileType = sourcecode.swift; path = Event.swift; sourceTree = "<group>"; };
		92F23A85262C83E600D4D3C3 /* EventRepo.swift */ = {isa = PBXFileReference; lastKnownFileType = sourcecode.swift; path = EventRepo.swift; sourceTree = "<group>"; };
		92F23B5F262CD97D00D4D3C3 /* RequestHandler.swift */ = {isa = PBXFileReference; lastKnownFileType = sourcecode.swift; path = RequestHandler.swift; sourceTree = "<group>"; };
		D06180FC2630C41400D10DAA /* LeaguesTableViewController.swift */ = {isa = PBXFileReference; lastKnownFileType = sourcecode.swift; path = LeaguesTableViewController.swift; sourceTree = "<group>"; };
		D06181042630D23F00D10DAA /* LeaguesPresenter.swift */ = {isa = PBXFileReference; lastKnownFileType = sourcecode.swift; name = LeaguesPresenter.swift; path = sportie/features/Leagues/view/LeaguesPresenter.swift; sourceTree = SOURCE_ROOT; };
		D24A0B1F54190BFDE06C1D7B /* Pods-sportieTests.debug.xcconfig */ = {isa = PBXFileReference; includeInIndex = 1; lastKnownFileType = text.xcconfig; name = "Pods-sportieTests.debug.xcconfig"; path = "Target Support Files/Pods-sportieTests/Pods-sportieTests.debug.xcconfig"; sourceTree = "<group>"; };
		F09415274AF51D2E77444F33 /* Pods-sportie.release.xcconfig */ = {isa = PBXFileReference; includeInIndex = 1; lastKnownFileType = text.xcconfig; name = "Pods-sportie.release.xcconfig"; path = "Target Support Files/Pods-sportie/Pods-sportie.release.xcconfig"; sourceTree = "<group>"; };
/* End PBXFileReference section */

/* Begin PBXFrameworksBuildPhase section */
		9271B147262B83FD00DDC496 /* Frameworks */ = {
			isa = PBXFrameworksBuildPhase;
			buildActionMask = 2147483647;
			files = (
				85975A083BA08F6F47649F43 /* Pods_sportie.framework in Frameworks */,
			);
			runOnlyForDeploymentPostprocessing = 0;
		};
		9271B160262B83FE00DDC496 /* Frameworks */ = {
			isa = PBXFrameworksBuildPhase;
			buildActionMask = 2147483647;
			files = (
				5B9CE3C3FDB921BD1EF21FB4 /* Pods_sportieTests.framework in Frameworks */,
			);
			runOnlyForDeploymentPostprocessing = 0;
		};
		9271B16B262B83FE00DDC496 /* Frameworks */ = {
			isa = PBXFrameworksBuildPhase;
			buildActionMask = 2147483647;
			files = (
				2D64FEE0D0227294F43F7651 /* Pods_sportie_sportieUITests.framework in Frameworks */,
			);
			runOnlyForDeploymentPostprocessing = 0;
		};
/* End PBXFrameworksBuildPhase section */

/* Begin PBXGroup section */
		7433D5547AD1B0D29CA5DB9D /* Pods */ = {
			isa = PBXGroup;
			children = (
				4A59C7E02072792D3E9CA96B /* Pods-sportie.debug.xcconfig */,
				F09415274AF51D2E77444F33 /* Pods-sportie.release.xcconfig */,
				038397E0D93C5C859B537424 /* Pods-sportie-sportieUITests.debug.xcconfig */,
				34903F8B601F1355005DB582 /* Pods-sportie-sportieUITests.release.xcconfig */,
				D24A0B1F54190BFDE06C1D7B /* Pods-sportieTests.debug.xcconfig */,
				372F1DA7D645456C93BFD75B /* Pods-sportieTests.release.xcconfig */,
			);
			path = Pods;
			sourceTree = "<group>";
		};
		7A8F048F3D8AFC4881090FD9 /* Frameworks */ = {
			isa = PBXGroup;
			children = (
				140DC49C48FE84A021472D56 /* Pods_sportie.framework */,
				1DA86A9D76CA33CD3019ED13 /* Pods_sportie_sportieUITests.framework */,
				5A6BBF100BF90C5DE5F6B340 /* Pods_sportieTests.framework */,
			);
			name = Frameworks;
			sourceTree = "<group>";
		};
		92452F5F2630C60A00780F5F /* fonts */ = {
			isa = PBXGroup;
			children = (
				92452F602630C60A00780F5F /* Pacifico-Regular.ttf */,
			);
			path = fonts;
			sourceTree = "<group>";
		};
		9266F6A6262DAA6100578DF9 /* CustomViews */ = {
			isa = PBXGroup;
			children = (
				92E7E5E82639F62900B49CD8 /* CustomView */,
				920EBAA82639A0800044AF06 /* CircleView.swift */,
				9224F507263CEFDE002044E3 /* FavButton.swift */,
			);
			path = CustomViews;
			sourceTree = "<group>";
		};
		9271B141262B83FD00DDC496 = {
			isa = PBXGroup;
			children = (
				9271B14C262B83FD00DDC496 /* sportie */,
				9271B166262B83FE00DDC496 /* sportieTests */,
				9271B171262B83FE00DDC496 /* sportieUITests */,
				9271B14B262B83FD00DDC496 /* Products */,
				7433D5547AD1B0D29CA5DB9D /* Pods */,
				7A8F048F3D8AFC4881090FD9 /* Frameworks */,
			);
			sourceTree = "<group>";
		};
		9271B14B262B83FD00DDC496 /* Products */ = {
			isa = PBXGroup;
			children = (
				9271B14A262B83FD00DDC496 /* sportie.app */,
				9271B163262B83FE00DDC496 /* sportieTests.xctest */,
				9271B16E262B83FE00DDC496 /* sportieUITests.xctest */,
			);
			name = Products;
			sourceTree = "<group>";
		};
		9271B14C262B83FD00DDC496 /* sportie */ = {
			isa = PBXGroup;
			children = (
				9271B191262B8CFA00DDC496 /* supporting-files */,
				9271B190262B8CE800DDC496 /* utils */,
				9271B18F262B8CD100DDC496 /* view */,
				9271B18B262B8CAF00DDC496 /* data */,
				9271B18A262B8CA200DDC496 /* features */,
			);
			path = sportie;
			sourceTree = "<group>";
		};
		9271B166262B83FE00DDC496 /* sportieTests */ = {
			isa = PBXGroup;
			children = (
				9271B167262B83FE00DDC496 /* sportieTests.swift */,
				9271B169262B83FE00DDC496 /* Info.plist */,
			);
			path = sportieTests;
			sourceTree = "<group>";
		};
		9271B171262B83FE00DDC496 /* sportieUITests */ = {
			isa = PBXGroup;
			children = (
				9271B172262B83FE00DDC496 /* sportieUITests.swift */,
				9271B174262B83FE00DDC496 /* Info.plist */,
			);
			path = sportieUITests;
			sourceTree = "<group>";
		};
		9271B18A262B8CA200DDC496 /* features */ = {
			isa = PBXGroup;
			children = (
				9271B239262BAA2800DDC496 /* TeamDetails */,
				9271B238262BAA0D00DDC496 /* Leagues */,
				9271B1CF262B8E2800DDC496 /* LeagueDetails */,
				9271B1CB262B8E2800DDC496 /* Sports */,
				9271B1C8262B8E2800DDC496 /* FavouriteLeagues */,
			);
			path = features;
			sourceTree = "<group>";
		};
		9271B18B262B8CAF00DDC496 /* data */ = {
			isa = PBXGroup;
			children = (
				92F23B5E262CD96600D4D3C3 /* api */,
				9271B1B4262B8E0100DDC496 /* DataBase */,
				9271B1AA262B8E0100DDC496 /* DataSource */,
				9271B1B1262B8E0100DDC496 /* Models */,
				9271B1B7262B8E0100DDC496 /* Repository */,
			);
			path = data;
			sourceTree = "<group>";
		};
		9271B18F262B8CD100DDC496 /* view */ = {
			isa = PBXGroup;
			children = (
				9271B153262B83FD00DDC496 /* Main.storyboard */,
				9271B15B262B83FE00DDC496 /* LaunchScreen.storyboard */,
			);
			path = view;
			sourceTree = "<group>";
		};
		9271B190262B8CE800DDC496 /* utils */ = {
			isa = PBXGroup;
			children = (
				9266F6A6262DAA6100578DF9 /* CustomViews */,
				9271B1A6262B8D8600DDC496 /* uihelper */,
				9271B19A262B8D6700DDC496 /* Extensions */,
				9271B192262B8D1100DDC496 /* base */,
			);
			path = utils;
			sourceTree = "<group>";
		};
		9271B191262B8CFA00DDC496 /* supporting-files */ = {
			isa = PBXGroup;
			children = (
				92452F5F2630C60A00780F5F /* fonts */,
				9271B156262B83FD00DDC496 /* sportie.xcdatamodeld */,
				9271B14D262B83FD00DDC496 /* AppDelegate.swift */,
				9271B14F262B83FD00DDC496 /* SceneDelegate.swift */,
				9271B159262B83FE00DDC496 /* Assets.xcassets */,
				9271B15E262B83FE00DDC496 /* Info.plist */,
			);
			path = "supporting-files";
			sourceTree = "<group>";
		};
		9271B192262B8D1100DDC496 /* base */ = {
			isa = PBXGroup;
			children = (
				9271B193262B8D2700DDC496 /* BaseVC.swift */,
				92E4AF50262F647D00DFAE7E /* BaseView.swift */,
			);
			path = base;
			sourceTree = "<group>";
		};
		9271B19A262B8D6700DDC496 /* Extensions */ = {
			isa = PBXGroup;
			children = (
				9266F6A7262DAA7E00578DF9 /* UIView+Extension.swift */,
				9271B19B262B8D6700DDC496 /* UIImageView+Extension.swift */,
			);
			path = Extensions;
			sourceTree = "<group>";
		};
		9271B1A6262B8D8600DDC496 /* uihelper */ = {
			isa = PBXGroup;
			children = (
				9271B199262B8D6700DDC496 /* Loader.swift */,
				9271B198262B8D6700DDC496 /* Navigator.swift */,
				9271B19D262B8D6700DDC496 /* Reachability.swift */,
				9271B19C262B8D6700DDC496 /* UIHelper.swift */,
			);
			path = uihelper;
			sourceTree = "<group>";
		};
		9271B1AA262B8E0100DDC496 /* DataSource */ = {
			isa = PBXGroup;
			children = (
				9271B1AB262B8E0100DDC496 /* Local */,
				9271B1AF262B8E0100DDC496 /* Remote */,
			);
			path = DataSource;
			sourceTree = "<group>";
		};
		9271B1AB262B8E0100DDC496 /* Local */ = {
			isa = PBXGroup;
			children = (
				9271B20C262B9BA700DDC496 /* FavoriteDataSource.swift */,
				9271B1AD262B8E0100DDC496 /* FavoriteLocalDataSource.swift */,
			);
			path = Local;
			sourceTree = "<group>";
		};
		9271B1AF262B8E0100DDC496 /* Remote */ = {
			isa = PBXGroup;
			children = (
				9271B1AE262B8E0100DDC496 /* SportDataSource.swift */,
				9271B1B0262B8E0100DDC496 /* SportRemoteDataSource.swift */,
			);
			path = Remote;
			sourceTree = "<group>";
		};
		9271B1B1262B8E0100DDC496 /* Models */ = {
			isa = PBXGroup;
			children = (
				9271B1B3262B8E0100DDC496 /* Response.swift */,
				9271B25D262BAF9100DDC496 /* Sport.swift */,
				9271B262262BB06F00DDC496 /* Team.swift */,
				9271B267262BB1BD00DDC496 /* League.swift */,
				92C970522637727C003EC1B1 /* Manageable.swift */,
				92F23A80262C61E300D4D3C3 /* Event.swift */,
			);
			path = Models;
			sourceTree = "<group>";
		};
		9271B1B4262B8E0100DDC496 /* DataBase */ = {
			isa = PBXGroup;
			children = (
				9271B1B6262B8E0100DDC496 /* CoreDataDatabase.swift */,
			);
			path = DataBase;
			sourceTree = "<group>";
		};
		9271B1B7262B8E0100DDC496 /* Repository */ = {
			isa = PBXGroup;
			children = (
				9271B1B8262B8E0100DDC496 /* LeagueRepo.swift */,
				9271B253262BAE5900DDC496 /* SportRepo.swift */,
				9271B258262BAE8600DDC496 /* TeamRepo.swift */,
				92F23A85262C83E600D4D3C3 /* EventRepo.swift */,
			);
			path = Repository;
			sourceTree = "<group>";
		};
		9271B1C8262B8E2800DDC496 /* FavouriteLeagues */ = {
			isa = PBXGroup;
			children = (
				9271B243262BAD1400DDC496 /* presenter */,
				9271B242262BAD0D00DDC496 /* view */,
			);
			path = FavouriteLeagues;
			sourceTree = "<group>";
		};
		9271B1CB262B8E2800DDC496 /* Sports */ = {
			isa = PBXGroup;
			children = (
				9271B241262BACFE00DDC496 /* presenter */,
				9271B240262BACF800DDC496 /* view */,
			);
			path = Sports;
			sourceTree = "<group>";
		};
		9271B1CF262B8E2800DDC496 /* LeagueDetails */ = {
			isa = PBXGroup;
			children = (
				9271B246262BAD2F00DDC496 /* presenter */,
				9271B244262BAD2600DDC496 /* view */,
			);
			path = LeagueDetails;
			sourceTree = "<group>";
		};
		9271B238262BAA0D00DDC496 /* Leagues */ = {
			isa = PBXGroup;
			children = (
				9271B24D262BADEE00DDC496 /* presenter */,
				9271B24C262BADE800DDC496 /* view */,
			);
			path = Leagues;
			sourceTree = "<group>";
		};
		9271B239262BAA2800DDC496 /* TeamDetails */ = {
			isa = PBXGroup;
			children = (
				9271B24B262BADCB00DDC496 /* view */,
				9271B24A262BADC300DDC496 /* presenter */,
			);
			path = TeamDetails;
			sourceTree = "<group>";
		};
		9271B240262BACF800DDC496 /* view */ = {
			isa = PBXGroup;
			children = (
				9271B1CD262B8E2800DDC496 /* SportsViewController.swift */,
				9271B1CE262B8E2800DDC496 /* SportCollectionViewCell.swift */,
			);
			path = view;
			sourceTree = "<group>";
		};
		9271B241262BACFE00DDC496 /* presenter */ = {
			isa = PBXGroup;
			children = (
				9266F698262D9C2E00578DF9 /* SportsPresenter.swift */,
			);
			path = presenter;
			sourceTree = "<group>";
		};
		9271B242262BAD0D00DDC496 /* view */ = {
			isa = PBXGroup;
			children = (
				92E4AF56262F727800DFAE7E /* LeagueTableViewCell */,
				9271B1C9262B8E2800DDC496 /* FavouriteLeaguesViewContoller.swift */,
			);
			path = view;
			sourceTree = "<group>";
		};
		9271B243262BAD1400DDC496 /* presenter */ = {
			isa = PBXGroup;
			children = (
				9271B26C262BB3C600DDC496 /* FavouriteLeaguesPresenter.swift */,
			);
			path = presenter;
			sourceTree = "<group>";
		};
		9271B244262BAD2600DDC496 /* view */ = {
			isa = PBXGroup;
			children = (
				92452F682630DA2300780F5F /* LeagueDetailsViewController.swift */,
				92452F722630E14400780F5F /* TeamCollectionViewCell.swift */,
				929206C12630ECF0000F1450 /* UpcomingEventCollectionViewCell.swift */,
				9243F95B263644E20057267D /* LatestResultCollectionViewCell.swift */,
			);
			path = view;
			sourceTree = "<group>";
		};
		9271B246262BAD2F00DDC496 /* presenter */ = {
			isa = PBXGroup;
			children = (
				92452F6D2630DB5B00780F5F /* LeagueDetailsPresenter.swift */,
			);
			path = presenter;
			sourceTree = "<group>";
		};
		9271B24A262BADC300DDC496 /* presenter */ = {
			isa = PBXGroup;
			children = (
			);
			path = presenter;
			sourceTree = "<group>";
		};
		9271B24B262BADCB00DDC496 /* view */ = {
			isa = PBXGroup;
			children = (
				9271B1D1262B8E2800DDC496 /* TeamDetailsViewController .swift */,
			);
			path = view;
			sourceTree = "<group>";
		};
		9271B24C262BADE800DDC496 /* view */ = {
			isa = PBXGroup;
			children = (
				D06180FC2630C41400D10DAA /* LeaguesTableViewController.swift */,
			);
			path = view;
			sourceTree = "<group>";
		};
		9271B24D262BADEE00DDC496 /* presenter */ = {
			isa = PBXGroup;
			children = (
				D06181042630D23F00D10DAA /* LeaguesPresenter.swift */,
			);
			path = presenter;
			sourceTree = "<group>";
		};
		92E4AF56262F727800DFAE7E /* LeagueTableViewCell */ = {
			isa = PBXGroup;
			children = (
				9271B1CA262B8E2800DDC496 /* LeagueTableViewCell.swift */,
				92E4AF58262F72AD00DFAE7E /* LeagueTableViewCell.xib */,
			);
			path = LeagueTableViewCell;
			sourceTree = "<group>";
		};
		92E7E5E82639F62900B49CD8 /* CustomView */ = {
			isa = PBXGroup;
			children = (
				92E7E5E92639F62900B49CD8 /* CustomView.swift */,
				92E7E5EA2639F62900B49CD8 /* CustomView.xib */,
			);
			path = CustomView;
			sourceTree = "<group>";
		};
		92F23B5E262CD96600D4D3C3 /* api */ = {
			isa = PBXGroup;
			children = (
				92F23B5F262CD97D00D4D3C3 /* RequestHandler.swift */,
			);
			path = api;
			sourceTree = "<group>";
		};
/* End PBXGroup section */

/* Begin PBXNativeTarget section */
		9271B149262B83FD00DDC496 /* sportie */ = {
			isa = PBXNativeTarget;
			buildConfigurationList = 9271B177262B83FE00DDC496 /* Build configuration list for PBXNativeTarget "sportie" */;
			buildPhases = (
				76F530B7E9FC44DEDE9C4B61 /* [CP] Check Pods Manifest.lock */,
				9271B146262B83FD00DDC496 /* Sources */,
				9271B147262B83FD00DDC496 /* Frameworks */,
				9271B148262B83FD00DDC496 /* Resources */,
				75D5CDC3863EAF5D8349969F /* [CP] Embed Pods Frameworks */,
			);
			buildRules = (
			);
			dependencies = (
			);
			name = sportie;
			productName = sportie;
			productReference = 9271B14A262B83FD00DDC496 /* sportie.app */;
			productType = "com.apple.product-type.application";
		};
		9271B162262B83FE00DDC496 /* sportieTests */ = {
			isa = PBXNativeTarget;
			buildConfigurationList = 9271B17A262B83FE00DDC496 /* Build configuration list for PBXNativeTarget "sportieTests" */;
			buildPhases = (
				0C716D83A0C8A8BCE87C35DC /* [CP] Check Pods Manifest.lock */,
				9271B15F262B83FE00DDC496 /* Sources */,
				9271B160262B83FE00DDC496 /* Frameworks */,
				9271B161262B83FE00DDC496 /* Resources */,
			);
			buildRules = (
			);
			dependencies = (
				9271B165262B83FE00DDC496 /* PBXTargetDependency */,
			);
			name = sportieTests;
			productName = sportieTests;
			productReference = 9271B163262B83FE00DDC496 /* sportieTests.xctest */;
			productType = "com.apple.product-type.bundle.unit-test";
		};
		9271B16D262B83FE00DDC496 /* sportieUITests */ = {
			isa = PBXNativeTarget;
			buildConfigurationList = 9271B17D262B83FE00DDC496 /* Build configuration list for PBXNativeTarget "sportieUITests" */;
			buildPhases = (
				F1A924BEB31193DE4775AB0C /* [CP] Check Pods Manifest.lock */,
				9271B16A262B83FE00DDC496 /* Sources */,
				9271B16B262B83FE00DDC496 /* Frameworks */,
				9271B16C262B83FE00DDC496 /* Resources */,
				DDE83D29D4E50A055324F36B /* [CP] Embed Pods Frameworks */,
			);
			buildRules = (
			);
			dependencies = (
				9271B170262B83FE00DDC496 /* PBXTargetDependency */,
			);
			name = sportieUITests;
			productName = sportieUITests;
			productReference = 9271B16E262B83FE00DDC496 /* sportieUITests.xctest */;
			productType = "com.apple.product-type.bundle.ui-testing";
		};
/* End PBXNativeTarget section */

/* Begin PBXProject section */
		9271B142262B83FD00DDC496 /* Project object */ = {
			isa = PBXProject;
			attributes = {
				LastSwiftUpdateCheck = 1240;
				LastUpgradeCheck = 1240;
				TargetAttributes = {
					9271B149262B83FD00DDC496 = {
						CreatedOnToolsVersion = 12.4;
					};
					9271B162262B83FE00DDC496 = {
						CreatedOnToolsVersion = 12.4;
						TestTargetID = 9271B149262B83FD00DDC496;
					};
					9271B16D262B83FE00DDC496 = {
						CreatedOnToolsVersion = 12.4;
						TestTargetID = 9271B149262B83FD00DDC496;
					};
				};
			};
			buildConfigurationList = 9271B145262B83FD00DDC496 /* Build configuration list for PBXProject "sportie" */;
			compatibilityVersion = "Xcode 9.3";
			developmentRegion = en;
			hasScannedForEncodings = 0;
			knownRegions = (
				en,
				Base,
			);
			mainGroup = 9271B141262B83FD00DDC496;
			productRefGroup = 9271B14B262B83FD00DDC496 /* Products */;
			projectDirPath = "";
			projectRoot = "";
			targets = (
				9271B149262B83FD00DDC496 /* sportie */,
				9271B162262B83FE00DDC496 /* sportieTests */,
				9271B16D262B83FE00DDC496 /* sportieUITests */,
			);
		};
/* End PBXProject section */

/* Begin PBXResourcesBuildPhase section */
		9271B148262B83FD00DDC496 /* Resources */ = {
			isa = PBXResourcesBuildPhase;
			buildActionMask = 2147483647;
			files = (
				9271B15D262B83FE00DDC496 /* LaunchScreen.storyboard in Resources */,
				9271B15A262B83FE00DDC496 /* Assets.xcassets in Resources */,
				92E4AF5A262F72AD00DFAE7E /* LeagueTableViewCell.xib in Resources */,
				9271B155262B83FD00DDC496 /* Main.storyboard in Resources */,
				92452F612630C60A00780F5F /* Pacifico-Regular.ttf in Resources */,
				92E7E5EC2639F62900B49CD8 /* CustomView.xib in Resources */,
			);
			runOnlyForDeploymentPostprocessing = 0;
		};
		9271B161262B83FE00DDC496 /* Resources */ = {
			isa = PBXResourcesBuildPhase;
			buildActionMask = 2147483647;
			files = (
			);
			runOnlyForDeploymentPostprocessing = 0;
		};
		9271B16C262B83FE00DDC496 /* Resources */ = {
			isa = PBXResourcesBuildPhase;
			buildActionMask = 2147483647;
			files = (
			);
			runOnlyForDeploymentPostprocessing = 0;
		};
/* End PBXResourcesBuildPhase section */

/* Begin PBXShellScriptBuildPhase section */
		0C716D83A0C8A8BCE87C35DC /* [CP] Check Pods Manifest.lock */ = {
			isa = PBXShellScriptBuildPhase;
			buildActionMask = 2147483647;
			files = (
			);
			inputFileListPaths = (
			);
			inputPaths = (
				"${PODS_PODFILE_DIR_PATH}/Podfile.lock",
				"${PODS_ROOT}/Manifest.lock",
			);
			name = "[CP] Check Pods Manifest.lock";
			outputFileListPaths = (
			);
			outputPaths = (
				"$(DERIVED_FILE_DIR)/Pods-sportieTests-checkManifestLockResult.txt",
			);
			runOnlyForDeploymentPostprocessing = 0;
			shellPath = /bin/sh;
			shellScript = "diff \"${PODS_PODFILE_DIR_PATH}/Podfile.lock\" \"${PODS_ROOT}/Manifest.lock\" > /dev/null\nif [ $? != 0 ] ; then\n    # print error to STDERR\n    echo \"error: The sandbox is not in sync with the Podfile.lock. Run 'pod install' or update your CocoaPods installation.\" >&2\n    exit 1\nfi\n# This output is used by Xcode 'outputs' to avoid re-running this script phase.\necho \"SUCCESS\" > \"${SCRIPT_OUTPUT_FILE_0}\"\n";
			showEnvVarsInLog = 0;
		};
		75D5CDC3863EAF5D8349969F /* [CP] Embed Pods Frameworks */ = {
			isa = PBXShellScriptBuildPhase;
			buildActionMask = 2147483647;
			files = (
			);
			inputFileListPaths = (
				"${PODS_ROOT}/Target Support Files/Pods-sportie/Pods-sportie-frameworks-${CONFIGURATION}-input-files.xcfilelist",
			);
			name = "[CP] Embed Pods Frameworks";
			outputFileListPaths = (
				"${PODS_ROOT}/Target Support Files/Pods-sportie/Pods-sportie-frameworks-${CONFIGURATION}-output-files.xcfilelist",
			);
			runOnlyForDeploymentPostprocessing = 0;
			shellPath = /bin/sh;
			shellScript = "\"${PODS_ROOT}/Target Support Files/Pods-sportie/Pods-sportie-frameworks.sh\"\n";
			showEnvVarsInLog = 0;
		};
		76F530B7E9FC44DEDE9C4B61 /* [CP] Check Pods Manifest.lock */ = {
			isa = PBXShellScriptBuildPhase;
			buildActionMask = 2147483647;
			files = (
			);
			inputFileListPaths = (
			);
			inputPaths = (
				"${PODS_PODFILE_DIR_PATH}/Podfile.lock",
				"${PODS_ROOT}/Manifest.lock",
			);
			name = "[CP] Check Pods Manifest.lock";
			outputFileListPaths = (
			);
			outputPaths = (
				"$(DERIVED_FILE_DIR)/Pods-sportie-checkManifestLockResult.txt",
			);
			runOnlyForDeploymentPostprocessing = 0;
			shellPath = /bin/sh;
			shellScript = "diff \"${PODS_PODFILE_DIR_PATH}/Podfile.lock\" \"${PODS_ROOT}/Manifest.lock\" > /dev/null\nif [ $? != 0 ] ; then\n    # print error to STDERR\n    echo \"error: The sandbox is not in sync with the Podfile.lock. Run 'pod install' or update your CocoaPods installation.\" >&2\n    exit 1\nfi\n# This output is used by Xcode 'outputs' to avoid re-running this script phase.\necho \"SUCCESS\" > \"${SCRIPT_OUTPUT_FILE_0}\"\n";
			showEnvVarsInLog = 0;
		};
		DDE83D29D4E50A055324F36B /* [CP] Embed Pods Frameworks */ = {
			isa = PBXShellScriptBuildPhase;
			buildActionMask = 2147483647;
			files = (
			);
			inputFileListPaths = (
				"${PODS_ROOT}/Target Support Files/Pods-sportie-sportieUITests/Pods-sportie-sportieUITests-frameworks-${CONFIGURATION}-input-files.xcfilelist",
			);
			name = "[CP] Embed Pods Frameworks";
			outputFileListPaths = (
				"${PODS_ROOT}/Target Support Files/Pods-sportie-sportieUITests/Pods-sportie-sportieUITests-frameworks-${CONFIGURATION}-output-files.xcfilelist",
			);
			runOnlyForDeploymentPostprocessing = 0;
			shellPath = /bin/sh;
			shellScript = "\"${PODS_ROOT}/Target Support Files/Pods-sportie-sportieUITests/Pods-sportie-sportieUITests-frameworks.sh\"\n";
			showEnvVarsInLog = 0;
		};
		F1A924BEB31193DE4775AB0C /* [CP] Check Pods Manifest.lock */ = {
			isa = PBXShellScriptBuildPhase;
			buildActionMask = 2147483647;
			files = (
			);
			inputFileListPaths = (
			);
			inputPaths = (
				"${PODS_PODFILE_DIR_PATH}/Podfile.lock",
				"${PODS_ROOT}/Manifest.lock",
			);
			name = "[CP] Check Pods Manifest.lock";
			outputFileListPaths = (
			);
			outputPaths = (
				"$(DERIVED_FILE_DIR)/Pods-sportie-sportieUITests-checkManifestLockResult.txt",
			);
			runOnlyForDeploymentPostprocessing = 0;
			shellPath = /bin/sh;
			shellScript = "diff \"${PODS_PODFILE_DIR_PATH}/Podfile.lock\" \"${PODS_ROOT}/Manifest.lock\" > /dev/null\nif [ $? != 0 ] ; then\n    # print error to STDERR\n    echo \"error: The sandbox is not in sync with the Podfile.lock. Run 'pod install' or update your CocoaPods installation.\" >&2\n    exit 1\nfi\n# This output is used by Xcode 'outputs' to avoid re-running this script phase.\necho \"SUCCESS\" > \"${SCRIPT_OUTPUT_FILE_0}\"\n";
			showEnvVarsInLog = 0;
		};
/* End PBXShellScriptBuildPhase section */

/* Begin PBXSourcesBuildPhase section */
		9271B146262B83FD00DDC496 /* Sources */ = {
			isa = PBXSourcesBuildPhase;
			buildActionMask = 2147483647;
			files = (
				92C970532637727C003EC1B1 /* Manageable.swift in Sources */,
				92F23B60262CD97D00D4D3C3 /* RequestHandler.swift in Sources */,
				9271B1F2262B906300DDC496 /* SportsViewController.swift in Sources */,
				9266F699262D9C2E00578DF9 /* SportsPresenter.swift in Sources */,
				929206C22630ECF0000F1450 /* UpcomingEventCollectionViewCell.swift in Sources */,
				92E4AF51262F647D00DFAE7E /* BaseView.swift in Sources */,
				92452F6E2630DB5B00780F5F /* LeagueDetailsPresenter.swift in Sources */,
				9224F508263CEFDE002044E3 /* FavButton.swift in Sources */,
				92E7E5EB2639F62900B49CD8 /* CustomView.swift in Sources */,
				9271B268262BB1BD00DDC496 /* League.swift in Sources */,
				9271B1F3262B906300DDC496 /* SportCollectionViewCell.swift in Sources */,
				9271B263262BB06F00DDC496 /* Team.swift in Sources */,
				9266F6A8262DAA7E00578DF9 /* UIView+Extension.swift in Sources */,
				9271B1EA262B904C00DDC496 /* LeagueRepo.swift in Sources */,
				9271B1C0262B8E0100DDC496 /* CoreDataDatabase.swift in Sources */,
				D06181052630D23F00D10DAA /* LeaguesPresenter.swift in Sources */,
				9271B14E262B83FD00DDC496 /* AppDelegate.swift in Sources */,
				9271B259262BAE8600DDC496 /* TeamRepo.swift in Sources */,
				D06180FD2630C41400D10DAA /* LeaguesTableViewController.swift in Sources */,
				9271B1A0262B8D6700DDC496 /* UIImageView+Extension.swift in Sources */,
				9271B158262B83FD00DDC496 /* sportie.xcdatamodeld in Sources */,
				9271B1BE262B8E0100DDC496 /* Response.swift in Sources */,
				920EBAA92639A0800044AF06 /* CircleView.swift in Sources */,
				9271B25E262BAF9100DDC496 /* Sport.swift in Sources */,
				9271B150262B83FD00DDC496 /* SceneDelegate.swift in Sources */,
				9271B1BC262B8E0100DDC496 /* SportRemoteDataSource.swift in Sources */,
				92452F692630DA2300780F5F /* LeagueDetailsViewController.swift in Sources */,
				9271B1A1262B8D6700DDC496 /* UIHelper.swift in Sources */,
				9271B194262B8D2700DDC496 /* BaseVC.swift in Sources */,
				92452F732630E14400780F5F /* TeamCollectionViewCell.swift in Sources */,
				9271B1BB262B8E0100DDC496 /* SportDataSource.swift in Sources */,
				9271B254262BAE5900DDC496 /* SportRepo.swift in Sources */,
				9243F95C263644E20057267D /* LatestResultCollectionViewCell.swift in Sources */,
				92F23A81262C61E300D4D3C3 /* Event.swift in Sources */,
				9271B19F262B8D6700DDC496 /* Loader.swift in Sources */,
				9271B1BA262B8E0100DDC496 /* FavoriteLocalDataSource.swift in Sources */,
				9271B1A2262B8D6700DDC496 /* Reachability.swift in Sources */,
				9271B19E262B8D6700DDC496 /* Navigator.swift in Sources */,
				9271B20D262B9BA700DDC496 /* FavoriteDataSource.swift in Sources */,
				9271B1DA262B8E2800DDC496 /* TeamDetailsViewController .swift in Sources */,
				92F23A86262C83E600D4D3C3 /* EventRepo.swift in Sources */,
				9271B26D262BB3C600DDC496 /* FavouriteLeaguesPresenter.swift in Sources */,
				9271B1D5262B8E2800DDC496 /* LeagueTableViewCell.swift in Sources */,
				9271B1D4262B8E2800DDC496 /* FavouriteLeaguesViewContoller.swift in Sources */,
			);
			runOnlyForDeploymentPostprocessing = 0;
		};
		9271B15F262B83FE00DDC496 /* Sources */ = {
			isa = PBXSourcesBuildPhase;
			buildActionMask = 2147483647;
			files = (
				9271B168262B83FE00DDC496 /* sportieTests.swift in Sources */,
			);
			runOnlyForDeploymentPostprocessing = 0;
		};
		9271B16A262B83FE00DDC496 /* Sources */ = {
			isa = PBXSourcesBuildPhase;
			buildActionMask = 2147483647;
			files = (
				9271B173262B83FE00DDC496 /* sportieUITests.swift in Sources */,
			);
			runOnlyForDeploymentPostprocessing = 0;
		};
/* End PBXSourcesBuildPhase section */

/* Begin PBXTargetDependency section */
		9271B165262B83FE00DDC496 /* PBXTargetDependency */ = {
			isa = PBXTargetDependency;
			target = 9271B149262B83FD00DDC496 /* sportie */;
			targetProxy = 9271B164262B83FE00DDC496 /* PBXContainerItemProxy */;
		};
		9271B170262B83FE00DDC496 /* PBXTargetDependency */ = {
			isa = PBXTargetDependency;
			target = 9271B149262B83FD00DDC496 /* sportie */;
			targetProxy = 9271B16F262B83FE00DDC496 /* PBXContainerItemProxy */;
		};
/* End PBXTargetDependency section */

/* Begin PBXVariantGroup section */
		9271B153262B83FD00DDC496 /* Main.storyboard */ = {
			isa = PBXVariantGroup;
			children = (
				9271B154262B83FD00DDC496 /* Base */,
			);
			name = Main.storyboard;
			sourceTree = "<group>";
		};
		9271B15B262B83FE00DDC496 /* LaunchScreen.storyboard */ = {
			isa = PBXVariantGroup;
			children = (
				9271B15C262B83FE00DDC496 /* Base */,
			);
			name = LaunchScreen.storyboard;
			sourceTree = "<group>";
		};
/* End PBXVariantGroup section */

/* Begin XCBuildConfiguration section */
		9271B175262B83FE00DDC496 /* Debug */ = {
			isa = XCBuildConfiguration;
			buildSettings = {
				ALWAYS_SEARCH_USER_PATHS = NO;
				CLANG_ANALYZER_NONNULL = YES;
				CLANG_ANALYZER_NUMBER_OBJECT_CONVERSION = YES_AGGRESSIVE;
				CLANG_CXX_LANGUAGE_STANDARD = "gnu++14";
				CLANG_CXX_LIBRARY = "libc++";
				CLANG_ENABLE_MODULES = YES;
				CLANG_ENABLE_OBJC_ARC = YES;
				CLANG_ENABLE_OBJC_WEAK = YES;
				CLANG_WARN_BLOCK_CAPTURE_AUTORELEASING = YES;
				CLANG_WARN_BOOL_CONVERSION = YES;
				CLANG_WARN_COMMA = YES;
				CLANG_WARN_CONSTANT_CONVERSION = YES;
				CLANG_WARN_DEPRECATED_OBJC_IMPLEMENTATIONS = YES;
				CLANG_WARN_DIRECT_OBJC_ISA_USAGE = YES_ERROR;
				CLANG_WARN_DOCUMENTATION_COMMENTS = YES;
				CLANG_WARN_EMPTY_BODY = YES;
				CLANG_WARN_ENUM_CONVERSION = YES;
				CLANG_WARN_INFINITE_RECURSION = YES;
				CLANG_WARN_INT_CONVERSION = YES;
				CLANG_WARN_NON_LITERAL_NULL_CONVERSION = YES;
				CLANG_WARN_OBJC_IMPLICIT_RETAIN_SELF = YES;
				CLANG_WARN_OBJC_LITERAL_CONVERSION = YES;
				CLANG_WARN_OBJC_ROOT_CLASS = YES_ERROR;
				CLANG_WARN_QUOTED_INCLUDE_IN_FRAMEWORK_HEADER = YES;
				CLANG_WARN_RANGE_LOOP_ANALYSIS = YES;
				CLANG_WARN_STRICT_PROTOTYPES = YES;
				CLANG_WARN_SUSPICIOUS_MOVE = YES;
				CLANG_WARN_UNGUARDED_AVAILABILITY = YES_AGGRESSIVE;
				CLANG_WARN_UNREACHABLE_CODE = YES;
				CLANG_WARN__DUPLICATE_METHOD_MATCH = YES;
				COPY_PHASE_STRIP = NO;
				DEBUG_INFORMATION_FORMAT = dwarf;
				ENABLE_STRICT_OBJC_MSGSEND = YES;
				ENABLE_TESTABILITY = YES;
				GCC_C_LANGUAGE_STANDARD = gnu11;
				GCC_DYNAMIC_NO_PIC = NO;
				GCC_NO_COMMON_BLOCKS = YES;
				GCC_OPTIMIZATION_LEVEL = 0;
				GCC_PREPROCESSOR_DEFINITIONS = (
					"DEBUG=1",
					"$(inherited)",
				);
				GCC_WARN_64_TO_32_BIT_CONVERSION = YES;
				GCC_WARN_ABOUT_RETURN_TYPE = YES_ERROR;
				GCC_WARN_UNDECLARED_SELECTOR = YES;
				GCC_WARN_UNINITIALIZED_AUTOS = YES_AGGRESSIVE;
				GCC_WARN_UNUSED_FUNCTION = YES;
				GCC_WARN_UNUSED_VARIABLE = YES;
				IPHONEOS_DEPLOYMENT_TARGET = 14.4;
				MTL_ENABLE_DEBUG_INFO = INCLUDE_SOURCE;
				MTL_FAST_MATH = YES;
				ONLY_ACTIVE_ARCH = YES;
				SDKROOT = iphoneos;
				SWIFT_ACTIVE_COMPILATION_CONDITIONS = DEBUG;
				SWIFT_OPTIMIZATION_LEVEL = "-Onone";
			};
			name = Debug;
		};
		9271B176262B83FE00DDC496 /* Release */ = {
			isa = XCBuildConfiguration;
			buildSettings = {
				ALWAYS_SEARCH_USER_PATHS = NO;
				CLANG_ANALYZER_NONNULL = YES;
				CLANG_ANALYZER_NUMBER_OBJECT_CONVERSION = YES_AGGRESSIVE;
				CLANG_CXX_LANGUAGE_STANDARD = "gnu++14";
				CLANG_CXX_LIBRARY = "libc++";
				CLANG_ENABLE_MODULES = YES;
				CLANG_ENABLE_OBJC_ARC = YES;
				CLANG_ENABLE_OBJC_WEAK = YES;
				CLANG_WARN_BLOCK_CAPTURE_AUTORELEASING = YES;
				CLANG_WARN_BOOL_CONVERSION = YES;
				CLANG_WARN_COMMA = YES;
				CLANG_WARN_CONSTANT_CONVERSION = YES;
				CLANG_WARN_DEPRECATED_OBJC_IMPLEMENTATIONS = YES;
				CLANG_WARN_DIRECT_OBJC_ISA_USAGE = YES_ERROR;
				CLANG_WARN_DOCUMENTATION_COMMENTS = YES;
				CLANG_WARN_EMPTY_BODY = YES;
				CLANG_WARN_ENUM_CONVERSION = YES;
				CLANG_WARN_INFINITE_RECURSION = YES;
				CLANG_WARN_INT_CONVERSION = YES;
				CLANG_WARN_NON_LITERAL_NULL_CONVERSION = YES;
				CLANG_WARN_OBJC_IMPLICIT_RETAIN_SELF = YES;
				CLANG_WARN_OBJC_LITERAL_CONVERSION = YES;
				CLANG_WARN_OBJC_ROOT_CLASS = YES_ERROR;
				CLANG_WARN_QUOTED_INCLUDE_IN_FRAMEWORK_HEADER = YES;
				CLANG_WARN_RANGE_LOOP_ANALYSIS = YES;
				CLANG_WARN_STRICT_PROTOTYPES = YES;
				CLANG_WARN_SUSPICIOUS_MOVE = YES;
				CLANG_WARN_UNGUARDED_AVAILABILITY = YES_AGGRESSIVE;
				CLANG_WARN_UNREACHABLE_CODE = YES;
				CLANG_WARN__DUPLICATE_METHOD_MATCH = YES;
				COPY_PHASE_STRIP = NO;
				DEBUG_INFORMATION_FORMAT = "dwarf-with-dsym";
				ENABLE_NS_ASSERTIONS = NO;
				ENABLE_STRICT_OBJC_MSGSEND = YES;
				GCC_C_LANGUAGE_STANDARD = gnu11;
				GCC_NO_COMMON_BLOCKS = YES;
				GCC_WARN_64_TO_32_BIT_CONVERSION = YES;
				GCC_WARN_ABOUT_RETURN_TYPE = YES_ERROR;
				GCC_WARN_UNDECLARED_SELECTOR = YES;
				GCC_WARN_UNINITIALIZED_AUTOS = YES_AGGRESSIVE;
				GCC_WARN_UNUSED_FUNCTION = YES;
				GCC_WARN_UNUSED_VARIABLE = YES;
				IPHONEOS_DEPLOYMENT_TARGET = 14.4;
				MTL_ENABLE_DEBUG_INFO = NO;
				MTL_FAST_MATH = YES;
				SDKROOT = iphoneos;
				SWIFT_COMPILATION_MODE = wholemodule;
				SWIFT_OPTIMIZATION_LEVEL = "-O";
				VALIDATE_PRODUCT = YES;
			};
			name = Release;
		};
		9271B178262B83FE00DDC496 /* Debug */ = {
			isa = XCBuildConfiguration;
			baseConfigurationReference = 4A59C7E02072792D3E9CA96B /* Pods-sportie.debug.xcconfig */;
			buildSettings = {
				ASSETCATALOG_COMPILER_APPICON_NAME = AppIcon;
				ASSETCATALOG_COMPILER_GLOBAL_ACCENT_COLOR_NAME = AccentColor;
				CODE_SIGN_STYLE = Automatic;
				INFOPLIST_FILE = "sportie/supporting-files/Info.plist";
				LD_RUNPATH_SEARCH_PATHS = (
					"$(inherited)",
					"@executable_path/Frameworks",
				);
				PRODUCT_BUNDLE_IDENTIFIER = com.iti.sportie;
				PRODUCT_NAME = "$(TARGET_NAME)";
				SWIFT_VERSION = 5.0;
				TARGETED_DEVICE_FAMILY = "1,2";
			};
			name = Debug;
		};
		9271B179262B83FE00DDC496 /* Release */ = {
			isa = XCBuildConfiguration;
			baseConfigurationReference = F09415274AF51D2E77444F33 /* Pods-sportie.release.xcconfig */;
			buildSettings = {
				ASSETCATALOG_COMPILER_APPICON_NAME = AppIcon;
				ASSETCATALOG_COMPILER_GLOBAL_ACCENT_COLOR_NAME = AccentColor;
				CODE_SIGN_STYLE = Automatic;
				INFOPLIST_FILE = "sportie/supporting-files/Info.plist";
				LD_RUNPATH_SEARCH_PATHS = (
					"$(inherited)",
					"@executable_path/Frameworks",
				);
				PRODUCT_BUNDLE_IDENTIFIER = com.iti.sportie;
				PRODUCT_NAME = "$(TARGET_NAME)";
				SWIFT_VERSION = 5.0;
				TARGETED_DEVICE_FAMILY = "1,2";
			};
			name = Release;
		};
		9271B17B262B83FE00DDC496 /* Debug */ = {
			isa = XCBuildConfiguration;
			baseConfigurationReference = D24A0B1F54190BFDE06C1D7B /* Pods-sportieTests.debug.xcconfig */;
			buildSettings = {
				ALWAYS_EMBED_SWIFT_STANDARD_LIBRARIES = YES;
				BUNDLE_LOADER = "$(TEST_HOST)";
				CODE_SIGN_STYLE = Automatic;
				INFOPLIST_FILE = sportieTests/Info.plist;
				IPHONEOS_DEPLOYMENT_TARGET = 14.4;
				LD_RUNPATH_SEARCH_PATHS = (
					"$(inherited)",
					"@executable_path/Frameworks",
					"@loader_path/Frameworks",
				);
				PRODUCT_BUNDLE_IDENTIFIER = com.iti.sportieTests;
				PRODUCT_NAME = "$(TARGET_NAME)";
				SWIFT_VERSION = 5.0;
				TARGETED_DEVICE_FAMILY = "1,2";
				TEST_HOST = "$(BUILT_PRODUCTS_DIR)/sportie.app/sportie";
			};
			name = Debug;
		};
		9271B17C262B83FE00DDC496 /* Release */ = {
			isa = XCBuildConfiguration;
			baseConfigurationReference = 372F1DA7D645456C93BFD75B /* Pods-sportieTests.release.xcconfig */;
			buildSettings = {
				ALWAYS_EMBED_SWIFT_STANDARD_LIBRARIES = YES;
				BUNDLE_LOADER = "$(TEST_HOST)";
				CODE_SIGN_STYLE = Automatic;
				INFOPLIST_FILE = sportieTests/Info.plist;
				IPHONEOS_DEPLOYMENT_TARGET = 14.4;
				LD_RUNPATH_SEARCH_PATHS = (
					"$(inherited)",
					"@executable_path/Frameworks",
					"@loader_path/Frameworks",
				);
				PRODUCT_BUNDLE_IDENTIFIER = com.iti.sportieTests;
				PRODUCT_NAME = "$(TARGET_NAME)";
				SWIFT_VERSION = 5.0;
				TARGETED_DEVICE_FAMILY = "1,2";
				TEST_HOST = "$(BUILT_PRODUCTS_DIR)/sportie.app/sportie";
			};
			name = Release;
		};
		9271B17E262B83FE00DDC496 /* Debug */ = {
			isa = XCBuildConfiguration;
			baseConfigurationReference = 038397E0D93C5C859B537424 /* Pods-sportie-sportieUITests.debug.xcconfig */;
			buildSettings = {
				ALWAYS_EMBED_SWIFT_STANDARD_LIBRARIES = YES;
				CODE_SIGN_STYLE = Automatic;
				INFOPLIST_FILE = sportieUITests/Info.plist;
				LD_RUNPATH_SEARCH_PATHS = (
					"$(inherited)",
					"@executable_path/Frameworks",
					"@loader_path/Frameworks",
				);
				PRODUCT_BUNDLE_IDENTIFIER = com.iti.sportieUITests;
				PRODUCT_NAME = "$(TARGET_NAME)";
				SWIFT_VERSION = 5.0;
				TARGETED_DEVICE_FAMILY = "1,2";
				TEST_TARGET_NAME = sportie;
			};
			name = Debug;
		};
		9271B17F262B83FE00DDC496 /* Release */ = {
			isa = XCBuildConfiguration;
			baseConfigurationReference = 34903F8B601F1355005DB582 /* Pods-sportie-sportieUITests.release.xcconfig */;
			buildSettings = {
				ALWAYS_EMBED_SWIFT_STANDARD_LIBRARIES = YES;
				CODE_SIGN_STYLE = Automatic;
				INFOPLIST_FILE = sportieUITests/Info.plist;
				LD_RUNPATH_SEARCH_PATHS = (
					"$(inherited)",
					"@executable_path/Frameworks",
					"@loader_path/Frameworks",
				);
				PRODUCT_BUNDLE_IDENTIFIER = com.iti.sportieUITests;
				PRODUCT_NAME = "$(TARGET_NAME)";
				SWIFT_VERSION = 5.0;
				TARGETED_DEVICE_FAMILY = "1,2";
				TEST_TARGET_NAME = sportie;
			};
			name = Release;
		};
/* End XCBuildConfiguration section */

/* Begin XCConfigurationList section */
		9271B145262B83FD00DDC496 /* Build configuration list for PBXProject "sportie" */ = {
			isa = XCConfigurationList;
			buildConfigurations = (
				9271B175262B83FE00DDC496 /* Debug */,
				9271B176262B83FE00DDC496 /* Release */,
			);
			defaultConfigurationIsVisible = 0;
			defaultConfigurationName = Release;
		};
		9271B177262B83FE00DDC496 /* Build configuration list for PBXNativeTarget "sportie" */ = {
			isa = XCConfigurationList;
			buildConfigurations = (
				9271B178262B83FE00DDC496 /* Debug */,
				9271B179262B83FE00DDC496 /* Release */,
			);
			defaultConfigurationIsVisible = 0;
			defaultConfigurationName = Release;
		};
		9271B17A262B83FE00DDC496 /* Build configuration list for PBXNativeTarget "sportieTests" */ = {
			isa = XCConfigurationList;
			buildConfigurations = (
				9271B17B262B83FE00DDC496 /* Debug */,
				9271B17C262B83FE00DDC496 /* Release */,
			);
			defaultConfigurationIsVisible = 0;
			defaultConfigurationName = Release;
		};
		9271B17D262B83FE00DDC496 /* Build configuration list for PBXNativeTarget "sportieUITests" */ = {
			isa = XCConfigurationList;
			buildConfigurations = (
				9271B17E262B83FE00DDC496 /* Debug */,
				9271B17F262B83FE00DDC496 /* Release */,
			);
			defaultConfigurationIsVisible = 0;
			defaultConfigurationName = Release;
		};
/* End XCConfigurationList section */

/* Begin XCVersionGroup section */
		9271B156262B83FD00DDC496 /* sportie.xcdatamodeld */ = {
			isa = XCVersionGroup;
			children = (
				9271B157262B83FD00DDC496 /* sportie.xcdatamodel */,
			);
			currentVersion = 9271B157262B83FD00DDC496 /* sportie.xcdatamodel */;
			path = sportie.xcdatamodeld;
			sourceTree = "<group>";
			versionGroupType = wrapper.xcdatamodel;
		};
/* End XCVersionGroup section */
	};
	rootObject = 9271B142262B83FD00DDC496 /* Project object */;
}
